
Microsoft Visual Studio Solution File, Format Version 12.00
# Visual Studio Version 17
VisualStudioVersion = 17.9.34728.123
MinimumVisualStudioVersion = 10.0.40219.1
Project("{9A19103F-16F7-4668-BE54-9A1E7A4F7556}") = "P2Ü_Stunde_1", "P2Ü_Stunde_1\P2Ü_Stunde_1.csproj", "{59E04B1B-FEB4-4B34-AD37-EA55D8F284AE}"
EndProject
Project("{9A19103F-16F7-4668-BE54-9A1E7A4F7556}") = "ContactTestNew", "ContactTestNew\ContactTestNew.csproj", "{AB1EC21F-5567-4E3C-9E84-2AD877437AF5}"
EndProject
Project("{9A19103F-16F7-4668-BE54-9A1E7A4F7556}") = "Palindrom", "Uebung_1\Palindrom.csproj", "{41375531-D1B0-4C6F-91A6-21E41EE20E2E}"
EndProject
Project("{9A19103F-16F7-4668-BE54-9A1E7A4F7556}") = "caesar_chiffre", "caesar_chiffre\caesar_chiffre.csproj", "{AEC2E29F-800C-40FE-A482-B9218A17A089}"
EndProject
Project("{9A19103F-16F7-4668-BE54-9A1E7A4F7556}") = "Fahrzeugverleih Teil A", "Fahrzeugverleih Teil A\Fahrzeugverleih Teil A.csproj", "{27FEC18A-70DA-450D-8E5E-B0D3924FD517}"
EndProject
Project("{9A19103F-16F7-4668-BE54-9A1E7A4F7556}") = "CarTest", "CarTest\CarTest.csproj", "{E513012D-EBDE-4C0C-855C-75F5F23835E0}"
EndProject
Project("{9A19103F-16F7-4668-BE54-9A1E7A4F7556}") = "Ratespiel", "Ratespiel\Ratespiel.csproj", "{4358DAB8-4FD2-49E6-99A8-AD69AE0F496E}"
EndProject
Project("{FAE04EC0-301F-11D3-BF4B-00C04F79EFBC}") = "Vokale_zaehlen", "D:\C#_Programme\Vokale_zaehlen\Vokale_zaehlen.csproj", "{C317F42A-C6F7-4629-9A30-4B0719BE7E38}"
EndProject
Project("{FAE04EC0-301F-11D3-BF4B-00C04F79EFBC}") = "Temperatur", "D:\C#_Programme\Temperatur\Temperatur.csproj", "{7DFEFCDC-23A5-427B-AB30-158207B8F299}"
EndProject
Global
	GlobalSection(SolutionConfigurationPlatforms) = preSolution
		Debug|Any CPU = Debug|Any CPU
		Release|Any CPU = Release|Any CPU
	EndGlobalSection
	GlobalSection(ProjectConfigurationPlatforms) = postSolution
		{59E04B1B-FEB4-4B34-AD37-EA55D8F284AE}.Debug|Any CPU.ActiveCfg = Debug|Any CPU
		{59E04B1B-FEB4-4B34-AD37-EA55D8F284AE}.Debug|Any CPU.Build.0 = Debug|Any CPU
		{59E04B1B-FEB4-4B34-AD37-EA55D8F284AE}.Release|Any CPU.ActiveCfg = Release|Any CPU
		{59E04B1B-FEB4-4B34-AD37-EA55D8F284AE}.Release|Any CPU.Build.0 = Release|Any CPU
		{AB1EC21F-5567-4E3C-9E84-2AD877437AF5}.Debug|Any CPU.ActiveCfg = Debug|Any CPU
		{AB1EC21F-5567-4E3C-9E84-2AD877437AF5}.Debug|Any CPU.Build.0 = Debug|Any CPU
		{AB1EC21F-5567-4E3C-9E84-2AD877437AF5}.Release|Any CPU.ActiveCfg = Release|Any CPU
		{AB1EC21F-5567-4E3C-9E84-2AD877437AF5}.Release|Any CPU.Build.0 = Release|Any CPU
		{41375531-D1B0-4C6F-91A6-21E41EE20E2E}.Debug|Any CPU.ActiveCfg = Debug|Any CPU
		{41375531-D1B0-4C6F-91A6-21E41EE20E2E}.Debug|Any CPU.Build.0 = Debug|Any CPU
		{41375531-D1B0-4C6F-91A6-21E41EE20E2E}.Release|Any CPU.ActiveCfg = Release|Any CPU
		{41375531-D1B0-4C6F-91A6-21E41EE20E2E}.Release|Any CPU.Build.0 = Release|Any CPU
		{AEC2E29F-800C-40FE-A482-B9218A17A089}.Debug|Any CPU.ActiveCfg = Debug|Any CPU
		{AEC2E29F-800C-40FE-A482-B9218A17A089}.Debug|Any CPU.Build.0 = Debug|Any CPU
		{AEC2E29F-800C-40FE-A482-B9218A17A089}.Release|Any CPU.ActiveCfg = Release|Any CPU
		{AEC2E29F-800C-40FE-A482-B9218A17A089}.Release|Any CPU.Build.0 = Release|Any CPU
		{27FEC18A-70DA-450D-8E5E-B0D3924FD517}.Debug|Any CPU.ActiveCfg = Debug|Any CPU
		{27FEC18A-70DA-450D-8E5E-B0D3924FD517}.Debug|Any CPU.Build.0 = Debug|Any CPU
		{27FEC18A-70DA-450D-8E5E-B0D3924FD517}.Release|Any CPU.ActiveCfg = Release|Any CPU
		{27FEC18A-70DA-450D-8E5E-B0D3924FD517}.Release|Any CPU.Build.0 = Release|Any CPU
		{E513012D-EBDE-4C0C-855C-75F5F23835E0}.Debug|Any CPU.ActiveCfg = Debug|Any CPU
		{E513012D-EBDE-4C0C-855C-75F5F23835E0}.Debug|Any CPU.Build.0 = Debug|Any CPU
		{E513012D-EBDE-4C0C-855C-75F5F23835E0}.Release|Any CPU.ActiveCfg = Release|Any CPU
		{E513012D-EBDE-4C0C-855C-75F5F23835E0}.Release|Any CPU.Build.0 = Release|Any CPU
		{4358DAB8-4FD2-49E6-99A8-AD69AE0F496E}.Debug|Any CPU.ActiveCfg = Debug|Any CPU
		{4358DAB8-4FD2-49E6-99A8-AD69AE0F496E}.Debug|Any CPU.Build.0 = Debug|Any CPU
		{4358DAB8-4FD2-49E6-99A8-AD69AE0F496E}.Release|Any CPU.ActiveCfg = Release|Any CPU
		{4358DAB8-4FD2-49E6-99A8-AD69AE0F496E}.Release|Any CPU.Build.0 = Release|Any CPU
		{C317F42A-C6F7-4629-9A30-4B0719BE7E38}.Debug|Any CPU.ActiveCfg = Debug|Any CPU
		{C317F42A-C6F7-4629-9A30-4B0719BE7E38}.Debug|Any CPU.Build.0 = Debug|Any CPU
		{C317F42A-C6F7-4629-9A30-4B0719BE7E38}.Release|Any CPU.ActiveCfg = Release|Any CPU
		{C317F42A-C6F7-4629-9A30-4B0719BE7E38}.Release|Any CPU.Build.0 = Release|Any CPU
		{7DFEFCDC-23A5-427B-AB30-158207B8F299}.Debug|Any CPU.ActiveCfg = Debug|Any CPU
		{7DFEFCDC-23A5-427B-AB30-158207B8F299}.Debug|Any CPU.Build.0 = Debug|Any CPU
		{7DFEFCDC-23A5-427B-AB30-158207B8F299}.Release|Any CPU.ActiveCfg = Release|Any CPU
		{7DFEFCDC-23A5-427B-AB30-158207B8F299}.Release|Any CPU.Build.0 = Release|Any CPU
	EndGlobalSection
	GlobalSection(SolutionProperties) = preSolution
		HideSolutionNode = FALSE
	EndGlobalSection
	GlobalSection(ExtensibilityGlobals) = postSolution
		SolutionGuid = {004928B6-7AE1-4EB9-83B9-967E789C7358}
	EndGlobalSection
EndGlobal
